
Microsoft Visual Studio Solution File, Format Version 12.00
# Visual Studio 15
VisualStudioVersion = 15.0.28010.2036
MinimumVisualStudioVersion = 10.0.40219.1
Project("{FAE04EC0-301F-11D3-BF4B-00C04F79EFBC}") = "Email Viewer", "testesubdir\Email Viewer.csproj", "{A702B38B-16A8-4B90-A17C-3E67ED5B1645}"
EndProject
Global
	GlobalSection(SolutionConfigurationPlatforms) = preSolution
		Debug|Any CPU = Debug|Any CPU
		Release|Any CPU = Release|Any CPU
	EndGlobalSection
	GlobalSection(ProjectConfigurationPlatforms) = postSolution
		{A702B38B-16A8-4B90-A17C-3E67ED5B1645}.Debug|Any CPU.ActiveCfg = Debug|Any CPU
		{A702B38B-16A8-4B90-A17C-3E67ED5B1645}.Debug|Any CPU.Build.0 = Debug|Any CPU
		{A702B38B-16A8-4B90-A17C-3E67ED5B1645}.Release|Any CPU.ActiveCfg = Release|Any CPU
		{A702B38B-16A8-4B90-A17C-3E67ED5B1645}.Release|Any CPU.Build.0 = Release|Any CPU
	EndGlobalSection
	GlobalSection(SolutionProperties) = preSolution
		HideSolutionNode = FALSE
	EndGlobalSection
	GlobalSection(ExtensibilityGlobals) = postSolution
		SolutionGuid = {E0DFD3A1-32B7-4F17-9BEF-A2B411E8327D}
	EndGlobalSection
EndGlobal
